
Microsoft Visual Studio Solution File, Format Version 12.00
# Visual Studio Version 17
VisualStudioVersion = 17.0.31606.5
MinimumVisualStudioVersion = 10.0.40219.1
Project("{8BC9CEB8-8B4A-11D0-8D11-00A0C91BC942}") = "SOLID", "SOLID\SOLID.vcxproj", "{D3556062-67AA-44B8-A394-CCED2286832A}"
EndProject
Project("{8BC9CEB8-8B4A-11D0-8D11-00A0C91BC942}") = "Calculator", "Calculator\Calculator.vcxproj", "{C87AD1B4-187B-4B8B-AF5A-78B354A7A224}"
EndProject
Project("{8BC9CEB8-8B4A-11D0-8D11-00A0C91BC942}") = "Logger", "Logger\Logger.vcxproj", "{F1A39953-C9F1-42AE-9877-9C875FBEDE2A}"
EndProject
Project("{8BC9CEB8-8B4A-11D0-8D11-00A0C91BC942}") = "Old_Logger", "Old_Logger\Old_Logger.vcxproj", "{44721B80-0A97-4459-8380-230C0D25802D}"
EndProject
Project("{8BC9CEB8-8B4A-11D0-8D11-00A0C91BC942}") = "VideoAlgo", "VideoAlgo\VideoAlgo.vcxproj", "{5FE1A17C-8D77-4480-9D8C-9DDDC0BA638F}"
EndProject
Project("{8BC9CEB8-8B4A-11D0-8D11-00A0C91BC942}") = "VideoAlgo_OCP", "VideoAlgo_OCP\VideoAlgo_OCP.vcxproj", "{D4E46AB7-7B83-420F-AB1C-11114EF0F77C}"
EndProject
Project("{8BC9CEB8-8B4A-11D0-8D11-00A0C91BC942}") = "Printer", "Printer\Printer.vcxproj", "{2C430E25-1AF9-45A5-9C53-706076B7D82D}"
EndProject
Project("{8BC9CEB8-8B4A-11D0-8D11-00A0C91BC942}") = "Birds", "Birds\Birds.vcxproj", "{33AB9A2F-8FDF-4304-95F3-3DC676496F88}"
EndProject
Project("{8BC9CEB8-8B4A-11D0-8D11-00A0C91BC942}") = "BirdsRev", "BirdsRev\BirdsRev.vcxproj", "{B67B1F5B-732D-40DA-BB04-C127DB44F197}"
EndProject
Project("{8BC9CEB8-8B4A-11D0-8D11-00A0C91BC942}") = "Shapes", "Shapes\Shapes.vcxproj", "{8B0245D9-2793-4C8E-81C3-BFF89EAD947E}"
EndProject
Project("{8BC9CEB8-8B4A-11D0-8D11-00A0C91BC942}") = "ShapesRev", "ShapesRev\ShapesRev.vcxproj", "{630D5B6F-E81D-4C3E-B1B1-24A34382E2DD}"
EndProject
Project("{8BC9CEB8-8B4A-11D0-8D11-00A0C91BC942}") = "Encryption", "Encryption\Encryption.vcxproj", "{F2EDAEEA-7032-4972-B261-15D14FACCB53}"
EndProject
Global
	GlobalSection(SolutionConfigurationPlatforms) = preSolution
		Debug|x64 = Debug|x64
		Debug|x86 = Debug|x86
		Release|x64 = Release|x64
		Release|x86 = Release|x86
	EndGlobalSection
	GlobalSection(ProjectConfigurationPlatforms) = postSolution
		{D3556062-67AA-44B8-A394-CCED2286832A}.Debug|x64.ActiveCfg = Debug|x64
		{D3556062-67AA-44B8-A394-CCED2286832A}.Debug|x64.Build.0 = Debug|x64
		{D3556062-67AA-44B8-A394-CCED2286832A}.Debug|x86.ActiveCfg = Debug|Win32
		{D3556062-67AA-44B8-A394-CCED2286832A}.Debug|x86.Build.0 = Debug|Win32
		{D3556062-67AA-44B8-A394-CCED2286832A}.Release|x64.ActiveCfg = Release|x64
		{D3556062-67AA-44B8-A394-CCED2286832A}.Release|x64.Build.0 = Release|x64
		{D3556062-67AA-44B8-A394-CCED2286832A}.Release|x86.ActiveCfg = Release|Win32
		{D3556062-67AA-44B8-A394-CCED2286832A}.Release|x86.Build.0 = Release|Win32
		{C87AD1B4-187B-4B8B-AF5A-78B354A7A224}.Debug|x64.ActiveCfg = Debug|x64
		{C87AD1B4-187B-4B8B-AF5A-78B354A7A224}.Debug|x64.Build.0 = Debug|x64
		{C87AD1B4-187B-4B8B-AF5A-78B354A7A224}.Debug|x86.ActiveCfg = Debug|Win32
		{C87AD1B4-187B-4B8B-AF5A-78B354A7A224}.Debug|x86.Build.0 = Debug|Win32
		{C87AD1B4-187B-4B8B-AF5A-78B354A7A224}.Release|x64.ActiveCfg = Release|x64
		{C87AD1B4-187B-4B8B-AF5A-78B354A7A224}.Release|x64.Build.0 = Release|x64
		{C87AD1B4-187B-4B8B-AF5A-78B354A7A224}.Release|x86.ActiveCfg = Release|Win32
		{C87AD1B4-187B-4B8B-AF5A-78B354A7A224}.Release|x86.Build.0 = Release|Win32
		{F1A39953-C9F1-42AE-9877-9C875FBEDE2A}.Debug|x64.ActiveCfg = Debug|x64
		{F1A39953-C9F1-42AE-9877-9C875FBEDE2A}.Debug|x64.Build.0 = Debug|x64
		{F1A39953-C9F1-42AE-9877-9C875FBEDE2A}.Debug|x86.ActiveCfg = Debug|Win32
		{F1A39953-C9F1-42AE-9877-9C875FBEDE2A}.Debug|x86.Build.0 = Debug|Win32
		{F1A39953-C9F1-42AE-9877-9C875FBEDE2A}.Release|x64.ActiveCfg = Release|x64
		{F1A39953-C9F1-42AE-9877-9C875FBEDE2A}.Release|x64.Build.0 = Release|x64
		{F1A39953-C9F1-42AE-9877-9C875FBEDE2A}.Release|x86.ActiveCfg = Release|Win32
		{F1A39953-C9F1-42AE-9877-9C875FBEDE2A}.Release|x86.Build.0 = Release|Win32
		{44721B80-0A97-4459-8380-230C0D25802D}.Debug|x64.ActiveCfg = Debug|x64
		{44721B80-0A97-4459-8380-230C0D25802D}.Debug|x64.Build.0 = Debug|x64
		{44721B80-0A97-4459-8380-230C0D25802D}.Debug|x86.ActiveCfg = Debug|Win32
		{44721B80-0A97-4459-8380-230C0D25802D}.Debug|x86.Build.0 = Debug|Win32
		{44721B80-0A97-4459-8380-230C0D25802D}.Release|x64.ActiveCfg = Release|x64
		{44721B80-0A97-4459-8380-230C0D25802D}.Release|x64.Build.0 = Release|x64
		{44721B80-0A97-4459-8380-230C0D25802D}.Release|x86.ActiveCfg = Release|Win32
		{44721B80-0A97-4459-8380-230C0D25802D}.Release|x86.Build.0 = Release|Win32
		{5FE1A17C-8D77-4480-9D8C-9DDDC0BA638F}.Debug|x64.ActiveCfg = Debug|x64
		{5FE1A17C-8D77-4480-9D8C-9DDDC0BA638F}.Debug|x64.Build.0 = Debug|x64
		{5FE1A17C-8D77-4480-9D8C-9DDDC0BA638F}.Debug|x86.ActiveCfg = Debug|Win32
		{5FE1A17C-8D77-4480-9D8C-9DDDC0BA638F}.Debug|x86.Build.0 = Debug|Win32
		{5FE1A17C-8D77-4480-9D8C-9DDDC0BA638F}.Release|x64.ActiveCfg = Release|x64
		{5FE1A17C-8D77-4480-9D8C-9DDDC0BA638F}.Release|x64.Build.0 = Release|x64
		{5FE1A17C-8D77-4480-9D8C-9DDDC0BA638F}.Release|x86.ActiveCfg = Release|Win32
		{5FE1A17C-8D77-4480-9D8C-9DDDC0BA638F}.Release|x86.Build.0 = Release|Win32
		{D4E46AB7-7B83-420F-AB1C-11114EF0F77C}.Debug|x64.ActiveCfg = Debug|x64
		{D4E46AB7-7B83-420F-AB1C-11114EF0F77C}.Debug|x64.Build.0 = Debug|x64
		{D4E46AB7-7B83-420F-AB1C-11114EF0F77C}.Debug|x86.ActiveCfg = Debug|Win32
		{D4E46AB7-7B83-420F-AB1C-11114EF0F77C}.Debug|x86.Build.0 = Debug|Win32
		{D4E46AB7-7B83-420F-AB1C-11114EF0F77C}.Release|x64.ActiveCfg = Release|x64
		{D4E46AB7-7B83-420F-AB1C-11114EF0F77C}.Release|x64.Build.0 = Release|x64
		{D4E46AB7-7B83-420F-AB1C-11114EF0F77C}.Release|x86.ActiveCfg = Release|Win32
		{D4E46AB7-7B83-420F-AB1C-11114EF0F77C}.Release|x86.Build.0 = Release|Win32
		{2C430E25-1AF9-45A5-9C53-706076B7D82D}.Debug|x64.ActiveCfg = Debug|x64
		{2C430E25-1AF9-45A5-9C53-706076B7D82D}.Debug|x64.Build.0 = Debug|x64
		{2C430E25-1AF9-45A5-9C53-706076B7D82D}.Debug|x86.ActiveCfg = Debug|Win32
		{2C430E25-1AF9-45A5-9C53-706076B7D82D}.Debug|x86.Build.0 = Debug|Win32
		{2C430E25-1AF9-45A5-9C53-706076B7D82D}.Release|x64.ActiveCfg = Release|x64
		{2C430E25-1AF9-45A5-9C53-706076B7D82D}.Release|x64.Build.0 = Release|x64
		{2C430E25-1AF9-45A5-9C53-706076B7D82D}.Release|x86.ActiveCfg = Release|Win32
		{2C430E25-1AF9-45A5-9C53-706076B7D82D}.Release|x86.Build.0 = Release|Win32
		{33AB9A2F-8FDF-4304-95F3-3DC676496F88}.Debug|x64.ActiveCfg = Debug|x64
		{33AB9A2F-8FDF-4304-95F3-3DC676496F88}.Debug|x64.Build.0 = Debug|x64
		{33AB9A2F-8FDF-4304-95F3-3DC676496F88}.Debug|x86.ActiveCfg = Debug|Win32
		{33AB9A2F-8FDF-4304-95F3-3DC676496F88}.Debug|x86.Build.0 = Debug|Win32
		{33AB9A2F-8FDF-4304-95F3-3DC676496F88}.Release|x64.ActiveCfg = Release|x64
		{33AB9A2F-8FDF-4304-95F3-3DC676496F88}.Release|x64.Build.0 = Release|x64
		{33AB9A2F-8FDF-4304-95F3-3DC676496F88}.Release|x86.ActiveCfg = Release|Win32
		{33AB9A2F-8FDF-4304-95F3-3DC676496F88}.Release|x86.Build.0 = Release|Win32
		{B67B1F5B-732D-40DA-BB04-C127DB44F197}.Debug|x64.ActiveCfg = Debug|x64
		{B67B1F5B-732D-40DA-BB04-C127DB44F197}.Debug|x64.Build.0 = Debug|x64
		{B67B1F5B-732D-40DA-BB04-C127DB44F197}.Debug|x86.ActiveCfg = Debug|Win32
		{B67B1F5B-732D-40DA-BB04-C127DB44F197}.Debug|x86.Build.0 = Debug|Win32
		{B67B1F5B-732D-40DA-BB04-C127DB44F197}.Release|x64.ActiveCfg = Release|x64
		{B67B1F5B-732D-40DA-BB04-C127DB44F197}.Release|x64.Build.0 = Release|x64
		{B67B1F5B-732D-40DA-BB04-C127DB44F197}.Release|x86.ActiveCfg = Release|Win32
		{B67B1F5B-732D-40DA-BB04-C127DB44F197}.Release|x86.Build.0 = Release|Win32
		{8B0245D9-2793-4C8E-81C3-BFF89EAD947E}.Debug|x64.ActiveCfg = Debug|x64
		{8B0245D9-2793-4C8E-81C3-BFF89EAD947E}.Debug|x64.Build.0 = Debug|x64
		{8B0245D9-2793-4C8E-81C3-BFF89EAD947E}.Debug|x86.ActiveCfg = Debug|Win32
		{8B0245D9-2793-4C8E-81C3-BFF89EAD947E}.Debug|x86.Build.0 = Debug|Win32
		{8B0245D9-2793-4C8E-81C3-BFF89EAD947E}.Release|x64.ActiveCfg = Release|x64
		{8B0245D9-2793-4C8E-81C3-BFF89EAD947E}.Release|x64.Build.0 = Release|x64
		{8B0245D9-2793-4C8E-81C3-BFF89EAD947E}.Release|x86.ActiveCfg = Release|Win32
		{8B0245D9-2793-4C8E-81C3-BFF89EAD947E}.Release|x86.Build.0 = Release|Win32
		{630D5B6F-E81D-4C3E-B1B1-24A34382E2DD}.Debug|x64.ActiveCfg = Debug|x64
		{630D5B6F-E81D-4C3E-B1B1-24A34382E2DD}.Debug|x64.Build.0 = Debug|x64
		{630D5B6F-E81D-4C3E-B1B1-24A34382E2DD}.Debug|x86.ActiveCfg = Debug|Win32
		{630D5B6F-E81D-4C3E-B1B1-24A34382E2DD}.Debug|x86.Build.0 = Debug|Win32
		{630D5B6F-E81D-4C3E-B1B1-24A34382E2DD}.Release|x64.ActiveCfg = Release|x64
		{630D5B6F-E81D-4C3E-B1B1-24A34382E2DD}.Release|x64.Build.0 = Release|x64
		{630D5B6F-E81D-4C3E-B1B1-24A34382E2DD}.Release|x86.ActiveCfg = Release|Win32
		{630D5B6F-E81D-4C3E-B1B1-24A34382E2DD}.Release|x86.Build.0 = Release|Win32
		{F2EDAEEA-7032-4972-B261-15D14FACCB53}.Debug|x64.ActiveCfg = Debug|x64
		{F2EDAEEA-7032-4972-B261-15D14FACCB53}.Debug|x64.Build.0 = Debug|x64
		{F2EDAEEA-7032-4972-B261-15D14FACCB53}.Debug|x86.ActiveCfg = Debug|Win32
		{F2EDAEEA-7032-4972-B261-15D14FACCB53}.Debug|x86.Build.0 = Debug|Win32
		{F2EDAEEA-7032-4972-B261-15D14FACCB53}.Release|x64.ActiveCfg = Release|x64
		{F2EDAEEA-7032-4972-B261-15D14FACCB53}.Release|x64.Build.0 = Release|x64
		{F2EDAEEA-7032-4972-B261-15D14FACCB53}.Release|x86.ActiveCfg = Release|Win32
		{F2EDAEEA-7032-4972-B261-15D14FACCB53}.Release|x86.Build.0 = Release|Win32
	EndGlobalSection
	GlobalSection(SolutionProperties) = preSolution
		HideSolutionNode = FALSE
	EndGlobalSection
	GlobalSection(ExtensibilityGlobals) = postSolution
		SolutionGuid = {85D0D0FD-BC4B-438D-9B01-FE9156C94C64}
	EndGlobalSection
EndGlobal
